// !$*UTF8*$!
{
	archiveVersion = 1;
	classes = {
	};
	objectVersion = 48;
	objects = {

/* Begin PBXBuildFile section */
		380E453B3C94082704C70FDB /* Pods_VehicleTracking.framework in Frameworks */ = {isa = PBXBuildFile; fileRef = 4D2F20C249FC64CF38BA50D7 /* Pods_VehicleTracking.framework */; };
		D176BB0E204900A90027ED43 /* AppDelegate.swift in Sources */ = {isa = PBXBuildFile; fileRef = D176BB0D204900A90027ED43 /* AppDelegate.swift */; };
		D176BB10204900A90027ED43 /* ViewController.swift in Sources */ = {isa = PBXBuildFile; fileRef = D176BB0F204900A90027ED43 /* ViewController.swift */; };
		D176BB13204900A90027ED43 /* Main.storyboard in Resources */ = {isa = PBXBuildFile; fileRef = D176BB11204900A90027ED43 /* Main.storyboard */; };
		D176BB15204900A90027ED43 /* Assets.xcassets in Resources */ = {isa = PBXBuildFile; fileRef = D176BB14204900A90027ED43 /* Assets.xcassets */; };
		D176BB18204900A90027ED43 /* LaunchScreen.storyboard in Resources */ = {isa = PBXBuildFile; fileRef = D176BB16204900A90027ED43 /* LaunchScreen.storyboard */; };
		D176BB20204904FA0027ED43 /* CustomMarkerView.swift in Sources */ = {isa = PBXBuildFile; fileRef = D176BB1F204904FA0027ED43 /* CustomMarkerView.swift */; };
		D176BB22204A293E0027ED43 /* GoogleService-Info.plist in Resources */ = {isa = PBXBuildFile; fileRef = D176BB21204A293D0027ED43 /* GoogleService-Info.plist */; };
		D176BB27204A33470027ED43 /* Vehicle_Base.swift in Sources */ = {isa = PBXBuildFile; fileRef = D176BB24204A33470027ED43 /* Vehicle_Base.swift */; };
		D176BB28204A33470027ED43 /* Vehicles.swift in Sources */ = {isa = PBXBuildFile; fileRef = D176BB25204A33470027ED43 /* Vehicles.swift */; };
		D176BB29204A33470027ED43 /* Coordinates.swift in Sources */ = {isa = PBXBuildFile; fileRef = D176BB26204A33470027ED43 /* Coordinates.swift */; };
		D176BB2C204A57010027ED43 /* Artwork.swift in Sources */ = {isa = PBXBuildFile; fileRef = D176BB2B204A57010027ED43 /* Artwork.swift */; };
/* End PBXBuildFile section */

/* Begin PBXFileReference section */
		4A061F3B31BCD58E48E85422 /* Pods-VehicleTracking.release.xcconfig */ = {isa = PBXFileReference; includeInIndex = 1; lastKnownFileType = text.xcconfig; name = "Pods-VehicleTracking.release.xcconfig"; path = "Pods/Target Support Files/Pods-VehicleTracking/Pods-VehicleTracking.release.xcconfig"; sourceTree = "<group>"; };
		4C40F2F2C728CFAD1C18289C /* Pods-VehicleTracking.debug.xcconfig */ = {isa = PBXFileReference; includeInIndex = 1; lastKnownFileType = text.xcconfig; name = "Pods-VehicleTracking.debug.xcconfig"; path = "Pods/Target Support Files/Pods-VehicleTracking/Pods-VehicleTracking.debug.xcconfig"; sourceTree = "<group>"; };
		4D2F20C249FC64CF38BA50D7 /* Pods_VehicleTracking.framework */ = {isa = PBXFileReference; explicitFileType = wrapper.framework; includeInIndex = 0; path = Pods_VehicleTracking.framework; sourceTree = BUILT_PRODUCTS_DIR; };
		D176BB0A204900A80027ED43 /* VehicleTracking.app */ = {isa = PBXFileReference; explicitFileType = wrapper.application; includeInIndex = 0; path = VehicleTracking.app; sourceTree = BUILT_PRODUCTS_DIR; };
		D176BB0D204900A90027ED43 /* AppDelegate.swift */ = {isa = PBXFileReference; lastKnownFileType = sourcecode.swift; path = AppDelegate.swift; sourceTree = "<group>"; };
		D176BB0F204900A90027ED43 /* ViewController.swift */ = {isa = PBXFileReference; lastKnownFileType = sourcecode.swift; path = ViewController.swift; sourceTree = "<group>"; };
		D176BB12204900A90027ED43 /* Base */ = {isa = PBXFileReference; lastKnownFileType = file.storyboard; name = Base; path = Base.lproj/Main.storyboard; sourceTree = "<group>"; };
		D176BB14204900A90027ED43 /* Assets.xcassets */ = {isa = PBXFileReference; lastKnownFileType = folder.assetcatalog; path = Assets.xcassets; sourceTree = "<group>"; };
		D176BB17204900A90027ED43 /* Base */ = {isa = PBXFileReference; lastKnownFileType = file.storyboard; name = Base; path = Base.lproj/LaunchScreen.storyboard; sourceTree = "<group>"; };
		D176BB19204900A90027ED43 /* Info.plist */ = {isa = PBXFileReference; lastKnownFileType = text.plist.xml; path = Info.plist; sourceTree = "<group>"; };
		D176BB1F204904FA0027ED43 /* CustomMarkerView.swift */ = {isa = PBXFileReference; lastKnownFileType = sourcecode.swift; path = CustomMarkerView.swift; sourceTree = "<group>"; };
		D176BB21204A293D0027ED43 /* GoogleService-Info.plist */ = {isa = PBXFileReference; fileEncoding = 4; lastKnownFileType = text.plist.xml; path = "GoogleService-Info.plist"; sourceTree = "<group>"; };
		D176BB24204A33470027ED43 /* Vehicle_Base.swift */ = {isa = PBXFileReference; fileEncoding = 4; lastKnownFileType = sourcecode.swift; path = Vehicle_Base.swift; sourceTree = "<group>"; };
		D176BB25204A33470027ED43 /* Vehicles.swift */ = {isa = PBXFileReference; fileEncoding = 4; lastKnownFileType = sourcecode.swift; path = Vehicles.swift; sourceTree = "<group>"; };
		D176BB26204A33470027ED43 /* Coordinates.swift */ = {isa = PBXFileReference; fileEncoding = 4; lastKnownFileType = sourcecode.swift; path = Coordinates.swift; sourceTree = "<group>"; };
		D176BB2B204A57010027ED43 /* Artwork.swift */ = {isa = PBXFileReference; lastKnownFileType = sourcecode.swift; path = Artwork.swift; sourceTree = "<group>"; };
/* End PBXFileReference section */

/* Begin PBXFrameworksBuildPhase section */
		D176BB07204900A80027ED43 /* Frameworks */ = {
			isa = PBXFrameworksBuildPhase;
			buildActionMask = 2147483647;
			files = (
				380E453B3C94082704C70FDB /* Pods_VehicleTracking.framework in Frameworks */,
			);
			runOnlyForDeploymentPostprocessing = 0;
		};
/* End PBXFrameworksBuildPhase section */

/* Begin PBXGroup section */
		0C6409F8E8B2B5491706C9AB /* Pods */ = {
			isa = PBXGroup;
			children = (
				4C40F2F2C728CFAD1C18289C /* Pods-VehicleTracking.debug.xcconfig */,
				4A061F3B31BCD58E48E85422 /* Pods-VehicleTracking.release.xcconfig */,
			);
			name = Pods;
			sourceTree = "<group>";
		};
		369E55574F6E1FDC01F576B4 /* Frameworks */ = {
			isa = PBXGroup;
			children = (
				4D2F20C249FC64CF38BA50D7 /* Pods_VehicleTracking.framework */,
			);
			name = Frameworks;
			sourceTree = "<group>";
		};
		D176BB01204900A80027ED43 = {
			isa = PBXGroup;
			children = (
				D176BB0C204900A80027ED43 /* VehicleTracking */,
				D176BB0B204900A80027ED43 /* Products */,
				0C6409F8E8B2B5491706C9AB /* Pods */,
				369E55574F6E1FDC01F576B4 /* Frameworks */,
			);
			sourceTree = "<group>";
		};
		D176BB0B204900A80027ED43 /* Products */ = {
			isa = PBXGroup;
			children = (
				D176BB0A204900A80027ED43 /* VehicleTracking.app */,
			);
			name = Products;
			sourceTree = "<group>";
		};
		D176BB0C204900A80027ED43 /* VehicleTracking */ = {
			isa = PBXGroup;
			children = (
				D176BB2A204A56EE0027ED43 /* Custom Class */,
				D176BB23204A32B80027ED43 /* Model */,
				D176BB0D204900A90027ED43 /* AppDelegate.swift */,
				D176BB0F204900A90027ED43 /* ViewController.swift */,
				D176BB11204900A90027ED43 /* Main.storyboard */,
				D176BB14204900A90027ED43 /* Assets.xcassets */,
				D176BB16204900A90027ED43 /* LaunchScreen.storyboard */,
				D176BB19204900A90027ED43 /* Info.plist */,
				D176BB21204A293D0027ED43 /* GoogleService-Info.plist */,
				D176BB1F204904FA0027ED43 /* CustomMarkerView.swift */,
			);
			path = VehicleTracking;
			sourceTree = "<group>";
		};
		D176BB23204A32B80027ED43 /* Model */ = {
			isa = PBXGroup;
			children = (
				D176BB26204A33470027ED43 /* Coordinates.swift */,
				D176BB24204A33470027ED43 /* Vehicle_Base.swift */,
				D176BB25204A33470027ED43 /* Vehicles.swift */,
			);
			name = Model;
			sourceTree = "<group>";
		};
		D176BB2A204A56EE0027ED43 /* Custom Class */ = {
			isa = PBXGroup;
			children = (
				D176BB2B204A57010027ED43 /* Artwork.swift */,
			);
			path = "Custom Class";
			sourceTree = "<group>";
		};
/* End PBXGroup section */

/* Begin PBXNativeTarget section */
		D176BB09204900A80027ED43 /* VehicleTracking */ = {
			isa = PBXNativeTarget;
			buildConfigurationList = D176BB1C204900A90027ED43 /* Build configuration list for PBXNativeTarget "VehicleTracking" */;
			buildPhases = (
				CC5310596B25A92E9E5DAC0A /* [CP] Check Pods Manifest.lock */,
				D176BB06204900A80027ED43 /* Sources */,
				D176BB07204900A80027ED43 /* Frameworks */,
				D176BB08204900A80027ED43 /* Resources */,
				6410E3D7FC9F8ADAF7A04B96 /* [CP] Embed Pods Frameworks */,
				5DF90E8515FC90A8996BDEBA /* [CP] Copy Pods Resources */,
			);
			buildRules = (
			);
			dependencies = (
			);
			name = VehicleTracking;
			productName = VehicleTracking;
			productReference = D176BB0A204900A80027ED43 /* VehicleTracking.app */;
			productType = "com.apple.product-type.application";
		};
/* End PBXNativeTarget section */

/* Begin PBXProject section */
		D176BB02204900A80027ED43 /* Project object */ = {
			isa = PBXProject;
			attributes = {
				LastSwiftUpdateCheck = 0920;
				LastUpgradeCheck = 0920;
				ORGANIZATIONNAME = "Media Prima Digital - Norhizami";
				TargetAttributes = {
					D176BB09204900A80027ED43 = {
						CreatedOnToolsVersion = 9.2;
						ProvisioningStyle = Automatic;
					};
				};
			};
			buildConfigurationList = D176BB05204900A80027ED43 /* Build configuration list for PBXProject "VehicleTracking" */;
			compatibilityVersion = "Xcode 8.0";
			developmentRegion = en;
			hasScannedForEncodings = 0;
			knownRegions = (
				en,
				Base,
			);
			mainGroup = D176BB01204900A80027ED43;
			productRefGroup = D176BB0B204900A80027ED43 /* Products */;
			projectDirPath = "";
			projectRoot = "";
			targets = (
				D176BB09204900A80027ED43 /* VehicleTracking */,
			);
		};
/* End PBXProject section */

/* Begin PBXResourcesBuildPhase section */
		D176BB08204900A80027ED43 /* Resources */ = {
			isa = PBXResourcesBuildPhase;
			buildActionMask = 2147483647;
			files = (
				D176BB22204A293E0027ED43 /* GoogleService-Info.plist in Resources */,
				D176BB18204900A90027ED43 /* LaunchScreen.storyboard in Resources */,
				D176BB15204900A90027ED43 /* Assets.xcassets in Resources */,
				D176BB13204900A90027ED43 /* Main.storyboard in Resources */,
			);
			runOnlyForDeploymentPostprocessing = 0;
		};
/* End PBXResourcesBuildPhase section */

/* Begin PBXShellScriptBuildPhase section */
		5DF90E8515FC90A8996BDEBA /* [CP] Copy Pods Resources */ = {
			isa = PBXShellScriptBuildPhase;
			buildActionMask = 2147483647;
			files = (
			);
			inputPaths = (
				"${SRCROOT}/Pods/Target Support Files/Pods-VehicleTracking/Pods-VehicleTracking-resources.sh",
				"${PODS_ROOT}/GoogleMaps/Maps/Frameworks/GoogleMaps.framework/Resources/GoogleMaps.bundle",
				"${PODS_ROOT}/GooglePlaces/Frameworks/GooglePlaces.framework/Resources/GooglePlaces.bundle",
			);
			name = "[CP] Copy Pods Resources";
			outputPaths = (
				"${TARGET_BUILD_DIR}/${UNLOCALIZED_RESOURCES_FOLDER_PATH}/GoogleMaps.bundle",
				"${TARGET_BUILD_DIR}/${UNLOCALIZED_RESOURCES_FOLDER_PATH}/GooglePlaces.bundle",
			);
			runOnlyForDeploymentPostprocessing = 0;
			shellPath = /bin/sh;
			shellScript = "\"${SRCROOT}/Pods/Target Support Files/Pods-VehicleTracking/Pods-VehicleTracking-resources.sh\"\n";
			showEnvVarsInLog = 0;
		};
		6410E3D7FC9F8ADAF7A04B96 /* [CP] Embed Pods Frameworks */ = {
			isa = PBXShellScriptBuildPhase;
			buildActionMask = 2147483647;
			files = (
			);
			inputPaths = (
				"${SRCROOT}/Pods/Target Support Files/Pods-VehicleTracking/Pods-VehicleTracking-frameworks.sh",
				"${BUILT_PRODUCTS_DIR}/GoogleToolboxForMac/GoogleToolboxForMac.framework",
				"${BUILT_PRODUCTS_DIR}/leveldb-library/leveldb.framework",
				"${BUILT_PRODUCTS_DIR}/nanopb/nanopb.framework",
			);
			name = "[CP] Embed Pods Frameworks";
			outputPaths = (
				"${TARGET_BUILD_DIR}/${FRAMEWORKS_FOLDER_PATH}/GoogleToolboxForMac.framework",
				"${TARGET_BUILD_DIR}/${FRAMEWORKS_FOLDER_PATH}/leveldb.framework",
				"${TARGET_BUILD_DIR}/${FRAMEWORKS_FOLDER_PATH}/nanopb.framework",
			);
			runOnlyForDeploymentPostprocessing = 0;
			shellPath = /bin/sh;
			shellScript = "\"${SRCROOT}/Pods/Target Support Files/Pods-VehicleTracking/Pods-VehicleTracking-frameworks.sh\"\n";
			showEnvVarsInLog = 0;
		};
		CC5310596B25A92E9E5DAC0A /* [CP] Check Pods Manifest.lock */ = {
			isa = PBXShellScriptBuildPhase;
			buildActionMask = 2147483647;
			files = (
			);
			inputPaths = (
				"${PODS_PODFILE_DIR_PATH}/Podfile.lock",
				"${PODS_ROOT}/Manifest.lock",
			);
			name = "[CP] Check Pods Manifest.lock";
			outputPaths = (
				"$(DERIVED_FILE_DIR)/Pods-VehicleTracking-checkManifestLockResult.txt",
			);
			runOnlyForDeploymentPostprocessing = 0;
			shellPath = /bin/sh;
			shellScript = "diff \"${PODS_PODFILE_DIR_PATH}/Podfile.lock\" \"${PODS_ROOT}/Manifest.lock\" > /dev/null\nif [ $? != 0 ] ; then\n    # print error to STDERR\n    echo \"error: The sandbox is not in sync with the Podfile.lock. Run 'pod install' or update your CocoaPods installation.\" >&2\n    exit 1\nfi\n# This output is used by Xcode 'outputs' to avoid re-running this script phase.\necho \"SUCCESS\" > \"${SCRIPT_OUTPUT_FILE_0}\"\n";
			showEnvVarsInLog = 0;
		};
/* End PBXShellScriptBuildPhase section */

/* Begin PBXSourcesBuildPhase section */
		D176BB06204900A80027ED43 /* Sources */ = {
			isa = PBXSourcesBuildPhase;
			buildActionMask = 2147483647;
			files = (
				D176BB10204900A90027ED43 /* ViewController.swift in Sources */,
				D176BB0E204900A90027ED43 /* AppDelegate.swift in Sources */,
				D176BB2C204A57010027ED43 /* Artwork.swift in Sources */,
				D176BB20204904FA0027ED43 /* CustomMarkerView.swift in Sources */,
				D176BB29204A33470027ED43 /* Coordinates.swift in Sources */,
				D176BB28204A33470027ED43 /* Vehicles.swift in Sources */,
				D176BB27204A33470027ED43 /* Vehicle_Base.swift in Sources */,
			);
			runOnlyForDeploymentPostprocessing = 0;
		};
/* End PBXSourcesBuildPhase section */

/* Begin PBXVariantGroup section */
		D176BB11204900A90027ED43 /* Main.storyboard */ = {
			isa = PBXVariantGroup;
			children = (
				D176BB12204900A90027ED43 /* Base */,
			);
			name = Main.storyboard;
			sourceTree = "<group>";
		};
		D176BB16204900A90027ED43 /* LaunchScreen.storyboard */ = {
			isa = PBXVariantGroup;
			children = (
				D176BB17204900A90027ED43 /* Base */,
			);
			name = LaunchScreen.storyboard;
			sourceTree = "<group>";
		};
/* End PBXVariantGroup section */

/* Begin XCBuildConfiguration section */
		D176BB1A204900A90027ED43 /* Debug */ = {
			isa = XCBuildConfiguration;
			buildSettings = {
				ALWAYS_SEARCH_USER_PATHS = NO;
				CLANG_ANALYZER_NONNULL = YES;
				CLANG_ANALYZER_NUMBER_OBJECT_CONVERSION = YES_AGGRESSIVE;
				CLANG_CXX_LANGUAGE_STANDARD = "gnu++14";
				CLANG_CXX_LIBRARY = "libc++";
				CLANG_ENABLE_MODULES = YES;
				CLANG_ENABLE_OBJC_ARC = YES;
				CLANG_WARN_BLOCK_CAPTURE_AUTORELEASING = YES;
				CLANG_WARN_BOOL_CONVERSION = YES;
				CLANG_WARN_COMMA = YES;
				CLANG_WARN_CONSTANT_CONVERSION = YES;
				CLANG_WARN_DIRECT_OBJC_ISA_USAGE = YES_ERROR;
				CLANG_WARN_DOCUMENTATION_COMMENTS = YES;
				CLANG_WARN_EMPTY_BODY = YES;
				CLANG_WARN_ENUM_CONVERSION = YES;
				CLANG_WARN_INFINITE_RECURSION = YES;
				CLANG_WARN_INT_CONVERSION = YES;
				CLANG_WARN_NON_LITERAL_NULL_CONVERSION = YES;
				CLANG_WARN_OBJC_LITERAL_CONVERSION = YES;
				CLANG_WARN_OBJC_ROOT_CLASS = YES_ERROR;
				CLANG_WARN_RANGE_LOOP_ANALYSIS = YES;
				CLANG_WARN_STRICT_PROTOTYPES = YES;
				CLANG_WARN_SUSPICIOUS_MOVE = YES;
				CLANG_WARN_UNGUARDED_AVAILABILITY = YES_AGGRESSIVE;
				CLANG_WARN_UNREACHABLE_CODE = YES;
				CLANG_WARN__DUPLICATE_METHOD_MATCH = YES;
				CODE_SIGN_IDENTITY = "iPhone Developer";
				COPY_PHASE_STRIP = NO;
				DEBUG_INFORMATION_FORMAT = dwarf;
				ENABLE_STRICT_OBJC_MSGSEND = YES;
				ENABLE_TESTABILITY = YES;
				GCC_C_LANGUAGE_STANDARD = gnu11;
				GCC_DYNAMIC_NO_PIC = NO;
				GCC_NO_COMMON_BLOCKS = YES;
				GCC_OPTIMIZATION_LEVEL = 0;
				GCC_PREPROCESSOR_DEFINITIONS = (
					"DEBUG=1",
					"$(inherited)",
				);
				GCC_WARN_64_TO_32_BIT_CONVERSION = YES;
				GCC_WARN_ABOUT_RETURN_TYPE = YES_ERROR;
				GCC_WARN_UNDECLARED_SELECTOR = YES;
				GCC_WARN_UNINITIALIZED_AUTOS = YES_AGGRESSIVE;
				GCC_WARN_UNUSED_FUNCTION = YES;
				GCC_WARN_UNUSED_VARIABLE = YES;
				IPHONEOS_DEPLOYMENT_TARGET = 11.2;
				MTL_ENABLE_DEBUG_INFO = YES;
				ONLY_ACTIVE_ARCH = YES;
				SDKROOT = iphoneos;
				SWIFT_ACTIVE_COMPILATION_CONDITIONS = DEBUG;
				SWIFT_OPTIMIZATION_LEVEL = "-Onone";
			};
			name = Debug;
		};
		D176BB1B204900A90027ED43 /* Release */ = {
			isa = XCBuildConfiguration;
			buildSettings = {
				ALWAYS_SEARCH_USER_PATHS = NO;
				CLANG_ANALYZER_NONNULL = YES;
				CLANG_ANALYZER_NUMBER_OBJECT_CONVERSION = YES_AGGRESSIVE;
				CLANG_CXX_LANGUAGE_STANDARD = "gnu++14";
				CLANG_CXX_LIBRARY = "libc++";
				CLANG_ENABLE_MODULES = YES;
				CLANG_ENABLE_OBJC_ARC = YES;
				CLANG_WARN_BLOCK_CAPTURE_AUTORELEASING = YES;
				CLANG_WARN_BOOL_CONVERSION = YES;
				CLANG_WARN_COMMA = YES;
				CLANG_WARN_CONSTANT_CONVERSION = YES;
				CLANG_WARN_DIRECT_OBJC_ISA_USAGE = YES_ERROR;
				CLANG_WARN_DOCUMENTATION_COMMENTS = YES;
				CLANG_WARN_EMPTY_BODY = YES;
				CLANG_WARN_ENUM_CONVERSION = YES;
				CLANG_WARN_INFINITE_RECURSION = YES;
				CLANG_WARN_INT_CONVERSION = YES;
				CLANG_WARN_NON_LITERAL_NULL_CONVERSION = YES;
				CLANG_WARN_OBJC_LITERAL_CONVERSION = YES;
				CLANG_WARN_OBJC_ROOT_CLASS = YES_ERROR;
				CLANG_WARN_RANGE_LOOP_ANALYSIS = YES;
				CLANG_WARN_STRICT_PROTOTYPES = YES;
				CLANG_WARN_SUSPICIOUS_MOVE = YES;
				CLANG_WARN_UNGUARDED_AVAILABILITY = YES_AGGRESSIVE;
				CLANG_WARN_UNREACHABLE_CODE = YES;
				CLANG_WARN__DUPLICATE_METHOD_MATCH = YES;
				CODE_SIGN_IDENTITY = "iPhone Developer";
				COPY_PHASE_STRIP = NO;
				DEBUG_INFORMATION_FORMAT = "dwarf-with-dsym";
				ENABLE_NS_ASSERTIONS = NO;
				ENABLE_STRICT_OBJC_MSGSEND = YES;
				GCC_C_LANGUAGE_STANDARD = gnu11;
				GCC_NO_COMMON_BLOCKS = YES;
				GCC_WARN_64_TO_32_BIT_CONVERSION = YES;
				GCC_WARN_ABOUT_RETURN_TYPE = YES_ERROR;
				GCC_WARN_UNDECLARED_SELECTOR = YES;
				GCC_WARN_UNINITIALIZED_AUTOS = YES_AGGRESSIVE;
				GCC_WARN_UNUSED_FUNCTION = YES;
				GCC_WARN_UNUSED_VARIABLE = YES;
				IPHONEOS_DEPLOYMENT_TARGET = 11.2;
				MTL_ENABLE_DEBUG_INFO = NO;
				SDKROOT = iphoneos;
				SWIFT_OPTIMIZATION_LEVEL = "-Owholemodule";
				VALIDATE_PRODUCT = YES;
			};
			name = Release;
		};
		D176BB1D204900A90027ED43 /* Debug */ = {
			isa = XCBuildConfiguration;
			baseConfigurationReference = 4C40F2F2C728CFAD1C18289C /* Pods-VehicleTracking.debug.xcconfig */;
			buildSettings = {
				ASSETCATALOG_COMPILER_APPICON_NAME = AppIcon;
				CODE_SIGN_STYLE = Automatic;
				DEVELOPMENT_TEAM = 6RD89G5GCK;
				INFOPLIST_FILE = VehicleTracking/Info.plist;
				IPHONEOS_DEPLOYMENT_TARGET = 11.0;
				LD_RUNPATH_SEARCH_PATHS = "$(inherited) @executable_path/Frameworks";
				PRODUCT_BUNDLE_IDENTIFIER = com.hizamirashid.VehicleTracking;
				PRODUCT_NAME = "$(TARGET_NAME)";
				SWIFT_VERSION = 4.0;
				TARGETED_DEVICE_FAMILY = "1,2";
			};
			name = Debug;
		};
		D176BB1E204900A90027ED43 /* Release */ = {
			isa = XCBuildConfiguration;
			baseConfigurationReference = 4A061F3B31BCD58E48E85422 /* Pods-VehicleTracking.release.xcconfig */;
			buildSettings = {
				ASSETCATALOG_COMPILER_APPICON_NAME = AppIcon;
				CODE_SIGN_STYLE = Automatic;
				DEVELOPMENT_TEAM = 6RD89G5GCK;
				INFOPLIST_FILE = VehicleTracking/Info.plist;
				IPHONEOS_DEPLOYMENT_TARGET = 11.0;
				LD_RUNPATH_SEARCH_PATHS = "$(inherited) @executable_path/Frameworks";
				PRODUCT_BUNDLE_IDENTIFIER = com.hizamirashid.VehicleTracking;
				PRODUCT_NAME = "$(TARGET_NAME)";
				SWIFT_VERSION = 4.0;
				TARGETED_DEVICE_FAMILY = "1,2";
			};
			name = Release;
		};
/* End XCBuildConfiguration section */

/* Begin XCConfigurationList section */
		D176BB05204900A80027ED43 /* Build configuration list for PBXProject "VehicleTracking" */ = {
			isa = XCConfigurationList;
			buildConfigurations = (
				D176BB1A204900A90027ED43 /* Debug */,
				D176BB1B204900A90027ED43 /* Release */,
			);
			defaultConfigurationIsVisible = 0;
			defaultConfigurationName = Release;
		};
		D176BB1C204900A90027ED43 /* Build configuration list for PBXNativeTarget "VehicleTracking" */ = {
			isa = XCConfigurationList;
			buildConfigurations = (
				D176BB1D204900A90027ED43 /* Debug */,
				D176BB1E204900A90027ED43 /* Release */,
			);
			defaultConfigurationIsVisible = 0;
			defaultConfigurationName = Release;
		};
/* End XCConfigurationList section */
	};
	rootObject = D176BB02204900A80027ED43 /* Project object */;
}
